
Microsoft Visual Studio Solution File, Format Version 12.00
# Visual Studio Version 17
VisualStudioVersion = 17.0.31903.59
MinimumVisualStudioVersion = 10.0.40219.1
Project("{2150E333-8FDC-42A3-9474-1A3956D46DE8}") = "src", "src", "{827E0CD3-B72D-47B6-A68D-7590B98EB39B}"
EndProject
Project("{FAE04EC0-301F-11D3-BF4B-00C04F79EFBC}") = "Forma.Core", "src\Forma.Core\Forma.Core.csproj", "{24AF6F52-9472-4571-8EE1-23BA9B88058B}"
EndProject
Project("{FAE04EC0-301F-11D3-BF4B-00C04F79EFBC}") = "Forma.Mediator", "src\Forma.Mediator\Forma.Mediator.csproj", "{12289B6A-5BAC-42FE-BFF5-0D4B091C8763}"
EndProject
Project("{FAE04EC0-301F-11D3-BF4B-00C04F79EFBC}") = "Forma.Decorator", "src\Forma.Decorator\Forma.Decorator.csproj", "{FB4C7AA5-C163-4DC8-A9C1-813C307AD29B}"
EndProject
Project("{2150E333-8FDC-42A3-9474-1A3956D46DE8}") = "tests", "tests", "{0AB3BF05-4346-4AA6-1389-037BE0695223}"
EndProject
Project("{FAE04EC0-301F-11D3-BF4B-00C04F79EFBC}") = "Forma.Tests", "tests\Forma.Tests\Forma.Tests.csproj", "{7E9CA079-434A-487C-B3FB-5B382D622656}"
EndProject
Global
	GlobalSection(SolutionConfigurationPlatforms) = preSolution
		Debug|Any CPU = Debug|Any CPU
		Debug|x64 = Debug|x64
		Debug|x86 = Debug|x86
		Release|Any CPU = Release|Any CPU
		Release|x64 = Release|x64
		Release|x86 = Release|x86
	EndGlobalSection
	GlobalSection(ProjectConfigurationPlatforms) = postSolution
		{24AF6F52-9472-4571-8EE1-23BA9B88058B}.Debug|Any CPU.ActiveCfg = Debug|Any CPU
		{24AF6F52-9472-4571-8EE1-23BA9B88058B}.Debug|Any CPU.Build.0 = Debug|Any CPU
		{24AF6F52-9472-4571-8EE1-23BA9B88058B}.Debug|x64.ActiveCfg = Debug|Any CPU
		{24AF6F52-9472-4571-8EE1-23BA9B88058B}.Debug|x64.Build.0 = Debug|Any CPU
		{24AF6F52-9472-4571-8EE1-23BA9B88058B}.Debug|x86.ActiveCfg = Debug|Any CPU
		{24AF6F52-9472-4571-8EE1-23BA9B88058B}.Debug|x86.Build.0 = Debug|Any CPU
		{24AF6F52-9472-4571-8EE1-23BA9B88058B}.Release|Any CPU.ActiveCfg = Release|Any CPU
		{24AF6F52-9472-4571-8EE1-23BA9B88058B}.Release|Any CPU.Build.0 = Release|Any CPU
		{24AF6F52-9472-4571-8EE1-23BA9B88058B}.Release|x64.ActiveCfg = Release|Any CPU
		{24AF6F52-9472-4571-8EE1-23BA9B88058B}.Release|x64.Build.0 = Release|Any CPU
		{24AF6F52-9472-4571-8EE1-23BA9B88058B}.Release|x86.ActiveCfg = Release|Any CPU
		{24AF6F52-9472-4571-8EE1-23BA9B88058B}.Release|x86.Build.0 = Release|Any CPU
		{12289B6A-5BAC-42FE-BFF5-0D4B091C8763}.Debug|Any CPU.ActiveCfg = Debug|Any CPU
		{12289B6A-5BAC-42FE-BFF5-0D4B091C8763}.Debug|Any CPU.Build.0 = Debug|Any CPU
		{12289B6A-5BAC-42FE-BFF5-0D4B091C8763}.Debug|x64.ActiveCfg = Debug|Any CPU
		{12289B6A-5BAC-42FE-BFF5-0D4B091C8763}.Debug|x64.Build.0 = Debug|Any CPU
		{12289B6A-5BAC-42FE-BFF5-0D4B091C8763}.Debug|x86.ActiveCfg = Debug|Any CPU
		{12289B6A-5BAC-42FE-BFF5-0D4B091C8763}.Debug|x86.Build.0 = Debug|Any CPU
		{12289B6A-5BAC-42FE-BFF5-0D4B091C8763}.Release|Any CPU.ActiveCfg = Release|Any CPU
		{12289B6A-5BAC-42FE-BFF5-0D4B091C8763}.Release|Any CPU.Build.0 = Release|Any CPU
		{12289B6A-5BAC-42FE-BFF5-0D4B091C8763}.Release|x64.ActiveCfg = Release|Any CPU
		{12289B6A-5BAC-42FE-BFF5-0D4B091C8763}.Release|x64.Build.0 = Release|Any CPU
		{12289B6A-5BAC-42FE-BFF5-0D4B091C8763}.Release|x86.ActiveCfg = Release|Any CPU
		{12289B6A-5BAC-42FE-BFF5-0D4B091C8763}.Release|x86.Build.0 = Release|Any CPU
		{FB4C7AA5-C163-4DC8-A9C1-813C307AD29B}.Debug|Any CPU.ActiveCfg = Debug|Any CPU
		{FB4C7AA5-C163-4DC8-A9C1-813C307AD29B}.Debug|Any CPU.Build.0 = Debug|Any CPU
		{FB4C7AA5-C163-4DC8-A9C1-813C307AD29B}.Debug|x64.ActiveCfg = Debug|Any CPU
		{FB4C7AA5-C163-4DC8-A9C1-813C307AD29B}.Debug|x64.Build.0 = Debug|Any CPU
		{FB4C7AA5-C163-4DC8-A9C1-813C307AD29B}.Debug|x86.ActiveCfg = Debug|Any CPU
		{FB4C7AA5-C163-4DC8-A9C1-813C307AD29B}.Debug|x86.Build.0 = Debug|Any CPU
		{FB4C7AA5-C163-4DC8-A9C1-813C307AD29B}.Release|Any CPU.ActiveCfg = Release|Any CPU
		{FB4C7AA5-C163-4DC8-A9C1-813C307AD29B}.Release|Any CPU.Build.0 = Release|Any CPU
		{FB4C7AA5-C163-4DC8-A9C1-813C307AD29B}.Release|x64.ActiveCfg = Release|Any CPU
		{FB4C7AA5-C163-4DC8-A9C1-813C307AD29B}.Release|x64.Build.0 = Release|Any CPU
		{FB4C7AA5-C163-4DC8-A9C1-813C307AD29B}.Release|x86.ActiveCfg = Release|Any CPU
		{FB4C7AA5-C163-4DC8-A9C1-813C307AD29B}.Release|x86.Build.0 = Release|Any CPU
		{7E9CA079-434A-487C-B3FB-5B382D622656}.Debug|Any CPU.ActiveCfg = Debug|Any CPU
		{7E9CA079-434A-487C-B3FB-5B382D622656}.Debug|Any CPU.Build.0 = Debug|Any CPU
		{7E9CA079-434A-487C-B3FB-5B382D622656}.Debug|x64.ActiveCfg = Debug|Any CPU
		{7E9CA079-434A-487C-B3FB-5B382D622656}.Debug|x64.Build.0 = Debug|Any CPU
		{7E9CA079-434A-487C-B3FB-5B382D622656}.Debug|x86.ActiveCfg = Debug|Any CPU
		{7E9CA079-434A-487C-B3FB-5B382D622656}.Debug|x86.Build.0 = Debug|Any CPU
		{7E9CA079-434A-487C-B3FB-5B382D622656}.Release|Any CPU.ActiveCfg = Release|Any CPU
		{7E9CA079-434A-487C-B3FB-5B382D622656}.Release|Any CPU.Build.0 = Release|Any CPU
		{7E9CA079-434A-487C-B3FB-5B382D622656}.Release|x64.ActiveCfg = Release|Any CPU
		{7E9CA079-434A-487C-B3FB-5B382D622656}.Release|x64.Build.0 = Release|Any CPU
		{7E9CA079-434A-487C-B3FB-5B382D622656}.Release|x86.ActiveCfg = Release|Any CPU
		{7E9CA079-434A-487C-B3FB-5B382D622656}.Release|x86.Build.0 = Release|Any CPU
	EndGlobalSection
	GlobalSection(SolutionProperties) = preSolution
		HideSolutionNode = FALSE
	EndGlobalSection
	GlobalSection(NestedProjects) = preSolution
		{24AF6F52-9472-4571-8EE1-23BA9B88058B} = {827E0CD3-B72D-47B6-A68D-7590B98EB39B}
		{12289B6A-5BAC-42FE-BFF5-0D4B091C8763} = {827E0CD3-B72D-47B6-A68D-7590B98EB39B}
		{FB4C7AA5-C163-4DC8-A9C1-813C307AD29B} = {827E0CD3-B72D-47B6-A68D-7590B98EB39B}
		{7E9CA079-434A-487C-B3FB-5B382D622656} = {0AB3BF05-4346-4AA6-1389-037BE0695223}
	EndGlobalSection
EndGlobal
